// !$*UTF8*$!
{
	archiveVersion = 1;
	classes = {
	};
	objectVersion = 50;
	objects = {

/* Begin PBXAggregateTarget section */
		78C83C522706A067001C881A /* TestUnivesal_fat */ = {
			isa = PBXAggregateTarget;
			buildConfigurationList = 78C83C532706A067001C881A /* Build configuration list for PBXAggregateTarget "TestUnivesal_fat" */;
			buildPhases = (
				78C83C562706A070001C881A /* ShellScript */,
			);
			dependencies = (
			);
			name = TestUnivesal_fat;
			productName = TestUnivesal_fat;
		};
		78C83C572706A11B001C881A /* TestUniversal_xc */ = {
			isa = PBXAggregateTarget;
			buildConfigurationList = 78C83C582706A11B001C881A /* Build configuration list for PBXAggregateTarget "TestUniversal_xc" */;
			buildPhases = (
				78C83C5B2706A120001C881A /* ShellScript */,
			);
			dependencies = (
			);
			name = TestUniversal_xc;
			productName = TestUniversal_xc;
		};
/* End PBXAggregateTarget section */

/* Begin PBXBuildFile section */
		5AD467089D3D4270A09BCEA8 /* Pods_AllTest_InnerFramework.framework in Frameworks */ = {isa = PBXBuildFile; fileRef = 64274777C7BF550CD904B2B8 /* Pods_AllTest_InnerFramework.framework */; };
		7897F0F6270450AD003D42BE /* AllTest_InnerFramework.h in Headers */ = {isa = PBXBuildFile; fileRef = 7897F0F4270450AD003D42BE /* AllTest_InnerFramework.h */; settings = {ATTRIBUTES = (Public, ); }; };
		78C83C4927069D07001C881A /* AllTestInnerFramework.swift in Sources */ = {isa = PBXBuildFile; fileRef = 78C83C4827069D07001C881A /* AllTestInnerFramework.swift */; };
/* End PBXBuildFile section */

/* Begin PBXFileReference section */
		373E2815FA25C4609BD99A08 /* Pods-AllTest_InnerFramework.release.xcconfig */ = {isa = PBXFileReference; includeInIndex = 1; lastKnownFileType = text.xcconfig; name = "Pods-AllTest_InnerFramework.release.xcconfig"; path = "Target Support Files/Pods-AllTest_InnerFramework/Pods-AllTest_InnerFramework.release.xcconfig"; sourceTree = "<group>"; };
		3AC9D080B4A84B2528CB7A6F /* Pods-AllTest_InnerFramework.debug.xcconfig */ = {isa = PBXFileReference; includeInIndex = 1; lastKnownFileType = text.xcconfig; name = "Pods-AllTest_InnerFramework.debug.xcconfig"; path = "Target Support Files/Pods-AllTest_InnerFramework/Pods-AllTest_InnerFramework.debug.xcconfig"; sourceTree = "<group>"; };
		64274777C7BF550CD904B2B8 /* Pods_AllTest_InnerFramework.framework */ = {isa = PBXFileReference; explicitFileType = wrapper.framework; includeInIndex = 0; path = Pods_AllTest_InnerFramework.framework; sourceTree = BUILT_PRODUCTS_DIR; };
		7897F0F1270450AD003D42BE /* AllTest_InnerFramework.framework */ = {isa = PBXFileReference; explicitFileType = wrapper.framework; includeInIndex = 0; path = AllTest_InnerFramework.framework; sourceTree = BUILT_PRODUCTS_DIR; };
		7897F0F4270450AD003D42BE /* AllTest_InnerFramework.h */ = {isa = PBXFileReference; lastKnownFileType = sourcecode.c.h; path = AllTest_InnerFramework.h; sourceTree = "<group>"; };
		7897F0F5270450AD003D42BE /* Info.plist */ = {isa = PBXFileReference; lastKnownFileType = text.plist.xml; path = Info.plist; sourceTree = "<group>"; };
		78C83C4827069D07001C881A /* AllTestInnerFramework.swift */ = {isa = PBXFileReference; lastKnownFileType = sourcecode.swift; path = AllTestInnerFramework.swift; sourceTree = "<group>"; };
/* End PBXFileReference section */

/* Begin PBXFrameworksBuildPhase section */
		7897F0EE270450AD003D42BE /* Frameworks */ = {
			isa = PBXFrameworksBuildPhase;
			buildActionMask = 2147483647;
			files = (
				5AD467089D3D4270A09BCEA8 /* Pods_AllTest_InnerFramework.framework in Frameworks */,
			);
			runOnlyForDeploymentPostprocessing = 0;
		};
/* End PBXFrameworksBuildPhase section */

/* Begin PBXGroup section */
		7897F0E7270450AD003D42BE = {
			isa = PBXGroup;
			children = (
				7897F0F3270450AD003D42BE /* AllTest_InnerFramework */,
				7897F0F2270450AD003D42BE /* Products */,
				9DC805C03721A108DE57BAA9 /* Pods */,
				7F025BC8417CA3CAA89D168A /* Frameworks */,
			);
			sourceTree = "<group>";
		};
		7897F0F2270450AD003D42BE /* Products */ = {
			isa = PBXGroup;
			children = (
				7897F0F1270450AD003D42BE /* AllTest_InnerFramework.framework */,
			);
			name = Products;
			sourceTree = "<group>";
		};
		7897F0F3270450AD003D42BE /* AllTest_InnerFramework */ = {
			isa = PBXGroup;
			children = (
				78C83C4727069CEC001C881A /* source */,
				7897F0F4270450AD003D42BE /* AllTest_InnerFramework.h */,
				7897F0F5270450AD003D42BE /* Info.plist */,
			);
			path = AllTest_InnerFramework;
			sourceTree = "<group>";
		};
		78C83C4727069CEC001C881A /* source */ = {
			isa = PBXGroup;
			children = (
				78C83C4827069D07001C881A /* AllTestInnerFramework.swift */,
			);
			path = source;
			sourceTree = "<group>";
		};
		7F025BC8417CA3CAA89D168A /* Frameworks */ = {
			isa = PBXGroup;
			children = (
				64274777C7BF550CD904B2B8 /* Pods_AllTest_InnerFramework.framework */,
			);
			name = Frameworks;
			sourceTree = "<group>";
		};
		9DC805C03721A108DE57BAA9 /* Pods */ = {
			isa = PBXGroup;
			children = (
				3AC9D080B4A84B2528CB7A6F /* Pods-AllTest_InnerFramework.debug.xcconfig */,
				373E2815FA25C4609BD99A08 /* Pods-AllTest_InnerFramework.release.xcconfig */,
			);
			name = Pods;
			path = ../Pods;
			sourceTree = "<group>";
		};
/* End PBXGroup section */

/* Begin PBXHeadersBuildPhase section */
		7897F0EC270450AD003D42BE /* Headers */ = {
			isa = PBXHeadersBuildPhase;
			buildActionMask = 2147483647;
			files = (
				7897F0F6270450AD003D42BE /* AllTest_InnerFramework.h in Headers */,
			);
			runOnlyForDeploymentPostprocessing = 0;
		};
/* End PBXHeadersBuildPhase section */

/* Begin PBXNativeTarget section */
		7897F0F0270450AD003D42BE /* AllTest_InnerFramework */ = {
			isa = PBXNativeTarget;
			buildConfigurationList = 7897F0F9270450AD003D42BE /* Build configuration list for PBXNativeTarget "AllTest_InnerFramework" */;
			buildPhases = (
				3F8DBA4BD1732509A8886CE5 /* [CP] Check Pods Manifest.lock */,
				7897F0EC270450AD003D42BE /* Headers */,
				7897F0ED270450AD003D42BE /* Sources */,
				7897F0EE270450AD003D42BE /* Frameworks */,
				7897F0EF270450AD003D42BE /* Resources */,
			);
			buildRules = (
			);
			dependencies = (
			);
			name = AllTest_InnerFramework;
			productName = AllTest_InnerFramework;
			productReference = 7897F0F1270450AD003D42BE /* AllTest_InnerFramework.framework */;
			productType = "com.apple.product-type.framework";
		};
/* End PBXNativeTarget section */

/* Begin PBXProject section */
		7897F0E8270450AD003D42BE /* Project object */ = {
			isa = PBXProject;
			attributes = {
				LastUpgradeCheck = 1250;
				TargetAttributes = {
					7897F0F0270450AD003D42BE = {
						CreatedOnToolsVersion = 12.5;
						LastSwiftMigration = 1250;
					};
					78C83C522706A067001C881A = {
						CreatedOnToolsVersion = 12.5;
					};
					78C83C572706A11B001C881A = {
						CreatedOnToolsVersion = 12.5;
					};
				};
			};
			buildConfigurationList = 7897F0EB270450AD003D42BE /* Build configuration list for PBXProject "AllTest_InnerFramework" */;
			compatibilityVersion = "Xcode 9.3";
			developmentRegion = en;
			hasScannedForEncodings = 0;
			knownRegions = (
				en,
				Base,
			);
			mainGroup = 7897F0E7270450AD003D42BE;
			productRefGroup = 7897F0F2270450AD003D42BE /* Products */;
			projectDirPath = "";
			projectRoot = "";
			targets = (
				7897F0F0270450AD003D42BE /* AllTest_InnerFramework */,
				78C83C522706A067001C881A /* TestUnivesal_fat */,
				78C83C572706A11B001C881A /* TestUniversal_xc */,
			);
		};
/* End PBXProject section */

/* Begin PBXResourcesBuildPhase section */
		7897F0EF270450AD003D42BE /* Resources */ = {
			isa = PBXResourcesBuildPhase;
			buildActionMask = 2147483647;
			files = (
			);
			runOnlyForDeploymentPostprocessing = 0;
		};
/* End PBXResourcesBuildPhase section */

/* Begin PBXShellScriptBuildPhase section */
		3F8DBA4BD1732509A8886CE5 /* [CP] Check Pods Manifest.lock */ = {
			isa = PBXShellScriptBuildPhase;
			buildActionMask = 2147483647;
			files = (
			);
			inputFileListPaths = (
			);
			inputPaths = (
				"${PODS_PODFILE_DIR_PATH}/Podfile.lock",
				"${PODS_ROOT}/Manifest.lock",
			);
			name = "[CP] Check Pods Manifest.lock";
			outputFileListPaths = (
			);
			outputPaths = (
				"$(DERIVED_FILE_DIR)/Pods-AllTest_InnerFramework-checkManifestLockResult.txt",
			);
			runOnlyForDeploymentPostprocessing = 0;
			shellPath = /bin/sh;
			shellScript = "diff \"${PODS_PODFILE_DIR_PATH}/Podfile.lock\" \"${PODS_ROOT}/Manifest.lock\" > /dev/null\nif [ $? != 0 ] ; then\n    # print error to STDERR\n    echo \"error: The sandbox is not in sync with the Podfile.lock. Run 'pod install' or update your CocoaPods installation.\" >&2\n    exit 1\nfi\n# This output is used by Xcode 'outputs' to avoid re-running this script phase.\necho \"SUCCESS\" > \"${SCRIPT_OUTPUT_FILE_0}\"\n";
			showEnvVarsInLog = 0;
		};
		78C83C562706A070001C881A /* ShellScript */ = {
			isa = PBXShellScriptBuildPhase;
			buildActionMask = 2147483647;
			files = (
			);
			inputFileListPaths = (
			);
			inputPaths = (
			);
			outputFileListPaths = (
			);
			outputPaths = (
			);
			runOnlyForDeploymentPostprocessing = 0;
			shellPath = /bin/sh;
			shellScript = "# Type a script or drag a script file from your workspace to insert its path.\nUNIVERSAL_OUTPUTFOLDER=${BUILD_DIR}/${CONFIGURATION}-Universal\n# Make sure the output directory exists\nmkdir -p \"${UNIVERSAL_OUTPUTFOLDER}\"\n# Build Device and Simulator versions\nxcodebuild -target \"${PROJECT_NAME}\" BITCODE_GENERATION_MODE=bitcode OTHER_CFLAGS=\"-fembed-bitcode\" ONLY_ACTIVE_ARCH=NO -configuration ${CONFIGURATION} -sdk iphonesimulator BUILD_DIR=\"${BUILD_DIR}\" BUILD_ROOT=\"${BUILD_ROOT}\" clean build\nxcodebuild -target \"${PROJECT_NAME}\" BITCODE_GENERATION_MODE=bitcode OTHER_CFLAGS=\"-fembed-bitcode\" ONLY_ACTIVE_ARCH=NO -configuration ${CONFIGURATION} -sdk iphoneos BUILD_DIR=\"${BUILD_DIR}\" BUILD_ROOT=\"${BUILD_ROOT}\" clean build\n# Copy the framework structure (from iphoneos build) to the universal folder\ncp -R \"${BUILD_DIR}/${CONFIGURATION}-iphoneos/${PROJECT_NAME}.framework\" \"${UNIVERSAL_OUTPUTFOLDER}/\"\n# Copy Swift modules from iphonesimulator build (if it exists) to the copied framework directory\ncp -R \"${BUILD_DIR}/${CONFIGURATION}-iphonesimulator/${PROJECT_NAME}.framework/Modules/${PROJECT_NAME}.swiftmodule/.\" \"${UNIVERSAL_OUTPUTFOLDER}/${PROJECT_NAME}.framework/Modules/${PROJECT_NAME}.swiftmodule\"\n# Create universal binary file using lipo and place the combined executable in the copied framework directory\nlipo -create \"${BUILD_DIR}/${CONFIGURATION}-iphonesimulator/${PROJECT_NAME}.framework/${PROJECT_NAME}\" \"${BUILD_DIR}/${CONFIGURATION}-iphoneos/${PROJECT_NAME}.framework/${PROJECT_NAME}\" -output \"${UNIVERSAL_OUTPUTFOLDER}/${PROJECT_NAME}.framework/${PROJECT_NAME}\"\n# Copy the framework to the project directory\nmkdir -p \"${PROJECT_DIR}/output\"\ncp -R \"${UNIVERSAL_OUTPUTFOLDER}/${PROJECT_NAME}.framework\" \"${PROJECT_DIR}/output\"\n# Open the project directory in Finder\nopen \"${PROJECT_DIR}\"\n";
		};
		78C83C5B2706A120001C881A /* ShellScript */ = {
			isa = PBXShellScriptBuildPhase;
			buildActionMask = 2147483647;
			files = (
			);
			inputFileListPaths = (
			);
			inputPaths = (
			);
			outputFileListPaths = (
			);
			outputPaths = (
			);
			runOnlyForDeploymentPostprocessing = 0;
			shellPath = /bin/sh;
			shellScript = "# Type a script or drag a script file from your workspace to insert its path.\n# Build Device and Simulator versions\nxcodebuild archive -scheme \"${PROJECT_NAME}\" -archivePath \"${BUILD_DIR}/iphoneos.xcarchive\" -sdk iphoneos SKIP_INSTALL=NO BUILD_LIBRARY_FOR_DISTRIBUTION=YES\nxcodebuild archive -scheme \"${PROJECT_NAME}\" -archivePath \"${BUILD_DIR}/iphonesimulator.xcarchive\" -sdk iphonesimulator SKIP_INSTALL=NO BUILD_LIBRARY_FOR_DISTRIBUTION=YES\n\nxcodebuild -create-xcframework \\\n    -framework \"${BUILD_DIR}/iphoneos.xcarchive/Products/Library/Frameworks/\"${PROJECT_NAME}\".framework\" \\\n    -framework \"${BUILD_DIR}/iphonesimulator.xcarchive/Products/Library/Frameworks/\"${PROJECT_NAME}\".framework\" \\\n    -output \"${BUILD_DIR}/\"${PROJECT_NAME}\".xcframework\"\n    \n# Copy the xcframework to the project directory\nmkdir -p \"${PROJECT_DIR}/output\"\ncp -R \"${BUILD_DIR}/\"${PROJECT_NAME}\".xcframework\" \"${PROJECT_DIR}/output\"\n\n# Open the project directory in Finder\nopen \"${PROJECT_DIR}\"\n";
		};
/* End PBXShellScriptBuildPhase section */

/* Begin PBXSourcesBuildPhase section */
		7897F0ED270450AD003D42BE /* Sources */ = {
			isa = PBXSourcesBuildPhase;
			buildActionMask = 2147483647;
			files = (
				78C83C4927069D07001C881A /* AllTestInnerFramework.swift in Sources */,
			);
			runOnlyForDeploymentPostprocessing = 0;
		};
/* End PBXSourcesBuildPhase section */

/* Begin XCBuildConfiguration section */
		7897F0F7270450AD003D42BE /* Debug */ = {
			isa = XCBuildConfiguration;
			buildSettings = {
				ALWAYS_SEARCH_USER_PATHS = NO;
				CLANG_ANALYZER_NONNULL = YES;
				CLANG_ANALYZER_NUMBER_OBJECT_CONVERSION = YES_AGGRESSIVE;
				CLANG_CXX_LANGUAGE_STANDARD = "gnu++14";
				CLANG_CXX_LIBRARY = "libc++";
				CLANG_ENABLE_MODULES = YES;
				CLANG_ENABLE_OBJC_ARC = YES;
				CLANG_ENABLE_OBJC_WEAK = YES;
				CLANG_WARN_BLOCK_CAPTURE_AUTORELEASING = YES;
				CLANG_WARN_BOOL_CONVERSION = YES;
				CLANG_WARN_COMMA = YES;
				CLANG_WARN_CONSTANT_CONVERSION = YES;
				CLANG_WARN_DEPRECATED_OBJC_IMPLEMENTATIONS = YES;
				CLANG_WARN_DIRECT_OBJC_ISA_USAGE = YES_ERROR;
				CLANG_WARN_DOCUMENTATION_COMMENTS = YES;
				CLANG_WARN_EMPTY_BODY = YES;
				CLANG_WARN_ENUM_CONVERSION = YES;
				CLANG_WARN_INFINITE_RECURSION = YES;
				CLANG_WARN_INT_CONVERSION = YES;
				CLANG_WARN_NON_LITERAL_NULL_CONVERSION = YES;
				CLANG_WARN_OBJC_IMPLICIT_RETAIN_SELF = YES;
				CLANG_WARN_OBJC_LITERAL_CONVERSION = YES;
				CLANG_WARN_OBJC_ROOT_CLASS = YES_ERROR;
				CLANG_WARN_QUOTED_INCLUDE_IN_FRAMEWORK_HEADER = YES;
				CLANG_WARN_RANGE_LOOP_ANALYSIS = YES;
				CLANG_WARN_STRICT_PROTOTYPES = YES;
				CLANG_WARN_SUSPICIOUS_MOVE = YES;
				CLANG_WARN_UNGUARDED_AVAILABILITY = YES_AGGRESSIVE;
				CLANG_WARN_UNREACHABLE_CODE = YES;
				CLANG_WARN__DUPLICATE_METHOD_MATCH = YES;
				COPY_PHASE_STRIP = NO;
				CURRENT_PROJECT_VERSION = 1;
				DEBUG_INFORMATION_FORMAT = dwarf;
				ENABLE_STRICT_OBJC_MSGSEND = YES;
				ENABLE_TESTABILITY = YES;
				GCC_C_LANGUAGE_STANDARD = gnu11;
				GCC_DYNAMIC_NO_PIC = NO;
				GCC_NO_COMMON_BLOCKS = YES;
				GCC_OPTIMIZATION_LEVEL = 0;
				GCC_PREPROCESSOR_DEFINITIONS = (
					"DEBUG=1",
					"$(inherited)",
				);
				GCC_WARN_64_TO_32_BIT_CONVERSION = YES;
				GCC_WARN_ABOUT_RETURN_TYPE = YES_ERROR;
				GCC_WARN_UNDECLARED_SELECTOR = YES;
				GCC_WARN_UNINITIALIZED_AUTOS = YES_AGGRESSIVE;
				GCC_WARN_UNUSED_FUNCTION = YES;
				GCC_WARN_UNUSED_VARIABLE = YES;
				IPHONEOS_DEPLOYMENT_TARGET = 11.0;
				MTL_ENABLE_DEBUG_INFO = INCLUDE_SOURCE;
				MTL_FAST_MATH = YES;
				ONLY_ACTIVE_ARCH = YES;
				SDKROOT = iphoneos;
				SWIFT_ACTIVE_COMPILATION_CONDITIONS = DEBUG;
				SWIFT_OPTIMIZATION_LEVEL = "-Onone";
				VERSIONING_SYSTEM = "apple-generic";
				VERSION_INFO_PREFIX = "";
			};
			name = Debug;
		};
		7897F0F8270450AD003D42BE /* Release */ = {
			isa = XCBuildConfiguration;
			buildSettings = {
				ALWAYS_SEARCH_USER_PATHS = NO;
				CLANG_ANALYZER_NONNULL = YES;
				CLANG_ANALYZER_NUMBER_OBJECT_CONVERSION = YES_AGGRESSIVE;
				CLANG_CXX_LANGUAGE_STANDARD = "gnu++14";
				CLANG_CXX_LIBRARY = "libc++";
				CLANG_ENABLE_MODULES = YES;
				CLANG_ENABLE_OBJC_ARC = YES;
				CLANG_ENABLE_OBJC_WEAK = YES;
				CLANG_WARN_BLOCK_CAPTURE_AUTORELEASING = YES;
				CLANG_WARN_BOOL_CONVERSION = YES;
				CLANG_WARN_COMMA = YES;
				CLANG_WARN_CONSTANT_CONVERSION = YES;
				CLANG_WARN_DEPRECATED_OBJC_IMPLEMENTATIONS = YES;
				CLANG_WARN_DIRECT_OBJC_ISA_USAGE = YES_ERROR;
				CLANG_WARN_DOCUMENTATION_COMMENTS = YES;
				CLANG_WARN_EMPTY_BODY = YES;
				CLANG_WARN_ENUM_CONVERSION = YES;
				CLANG_WARN_INFINITE_RECURSION = YES;
				CLANG_WARN_INT_CONVERSION = YES;
				CLANG_WARN_NON_LITERAL_NULL_CONVERSION = YES;
				CLANG_WARN_OBJC_IMPLICIT_RETAIN_SELF = YES;
				CLANG_WARN_OBJC_LITERAL_CONVERSION = YES;
				CLANG_WARN_OBJC_ROOT_CLASS = YES_ERROR;
				CLANG_WARN_QUOTED_INCLUDE_IN_FRAMEWORK_HEADER = YES;
				CLANG_WARN_RANGE_LOOP_ANALYSIS = YES;
				CLANG_WARN_STRICT_PROTOTYPES = YES;
				CLANG_WARN_SUSPICIOUS_MOVE = YES;
				CLANG_WARN_UNGUARDED_AVAILABILITY = YES_AGGRESSIVE;
				CLANG_WARN_UNREACHABLE_CODE = YES;
				CLANG_WARN__DUPLICATE_METHOD_MATCH = YES;
				COPY_PHASE_STRIP = NO;
				CURRENT_PROJECT_VERSION = 1;
				DEBUG_INFORMATION_FORMAT = "dwarf-with-dsym";
				ENABLE_NS_ASSERTIONS = NO;
				ENABLE_STRICT_OBJC_MSGSEND = YES;
				GCC_C_LANGUAGE_STANDARD = gnu11;
				GCC_NO_COMMON_BLOCKS = YES;
				GCC_WARN_64_TO_32_BIT_CONVERSION = YES;
				GCC_WARN_ABOUT_RETURN_TYPE = YES_ERROR;
				GCC_WARN_UNDECLARED_SELECTOR = YES;
				GCC_WARN_UNINITIALIZED_AUTOS = YES_AGGRESSIVE;
				GCC_WARN_UNUSED_FUNCTION = YES;
				GCC_WARN_UNUSED_VARIABLE = YES;
				IPHONEOS_DEPLOYMENT_TARGET = 11.0;
				MTL_ENABLE_DEBUG_INFO = NO;
				MTL_FAST_MATH = YES;
				SDKROOT = iphoneos;
				SWIFT_COMPILATION_MODE = wholemodule;
				SWIFT_OPTIMIZATION_LEVEL = "-O";
				VALIDATE_PRODUCT = YES;
				VERSIONING_SYSTEM = "apple-generic";
				VERSION_INFO_PREFIX = "";
			};
			name = Release;
		};
		7897F0FA270450AD003D42BE /* Debug */ = {
			isa = XCBuildConfiguration;
			baseConfigurationReference = 3AC9D080B4A84B2528CB7A6F /* Pods-AllTest_InnerFramework.debug.xcconfig */;
			buildSettings = {
				CLANG_ENABLE_MODULES = YES;
				CODE_SIGN_STYLE = Automatic;
				DEFINES_MODULE = YES;
				DEVELOPMENT_TEAM = QL8LXH8W2V;
				DYLIB_COMPATIBILITY_VERSION = 1;
				DYLIB_CURRENT_VERSION = 1;
				DYLIB_INSTALL_NAME_BASE = "@rpath";
				INFOPLIST_FILE = AllTest_InnerFramework/Info.plist;
				INSTALL_PATH = "$(LOCAL_LIBRARY_DIR)/Frameworks";
				LD_RUNPATH_SEARCH_PATHS = (
					"$(inherited)",
					"@executable_path/Frameworks",
					"@loader_path/Frameworks",
				);
				PRODUCT_BUNDLE_IDENTIFIER = "com.jsh.kr.AllTest-InnerFramework";
				PRODUCT_NAME = "$(TARGET_NAME:c99extidentifier)";
				SKIP_INSTALL = YES;
				SWIFT_OPTIMIZATION_LEVEL = "-Onone";
				SWIFT_VERSION = 5.0;
				TARGETED_DEVICE_FAMILY = "1,2";
			};
			name = Debug;
		};
		7897F0FB270450AD003D42BE /* Release */ = {
			isa = XCBuildConfiguration;
			baseConfigurationReference = 373E2815FA25C4609BD99A08 /* Pods-AllTest_InnerFramework.release.xcconfig */;
			buildSettings = {
				CLANG_ENABLE_MODULES = YES;
				CODE_SIGN_STYLE = Automatic;
				DEFINES_MODULE = YES;
				DEVELOPMENT_TEAM = QL8LXH8W2V;
				DYLIB_COMPATIBILITY_VERSION = 1;
				DYLIB_CURRENT_VERSION = 1;
				DYLIB_INSTALL_NAME_BASE = "@rpath";
				INFOPLIST_FILE = AllTest_InnerFramework/Info.plist;
				INSTALL_PATH = "$(LOCAL_LIBRARY_DIR)/Frameworks";
				LD_RUNPATH_SEARCH_PATHS = (
					"$(inherited)",
					"@executable_path/Frameworks",
					"@loader_path/Frameworks",
				);
				PRODUCT_BUNDLE_IDENTIFIER = "com.jsh.kr.AllTest-InnerFramework";
				PRODUCT_NAME = "$(TARGET_NAME:c99extidentifier)";
				SKIP_INSTALL = YES;
				SWIFT_VERSION = 5.0;
				TARGETED_DEVICE_FAMILY = "1,2";
			};
			name = Release;
		};
		78C83C542706A067001C881A /* Debug */ = {
			isa = XCBuildConfiguration;
			buildSettings = {
				CODE_SIGN_STYLE = Automatic;
				DEVELOPMENT_TEAM = QL8LXH8W2V;
				PRODUCT_NAME = "$(TARGET_NAME)";
			};
			name = Debug;
		};
		78C83C552706A067001C881A /* Release */ = {
			isa = XCBuildConfiguration;
			buildSettings = {
				CODE_SIGN_STYLE = Automatic;
				DEVELOPMENT_TEAM = QL8LXH8W2V;
				PRODUCT_NAME = "$(TARGET_NAME)";
			};
			name = Release;
		};
		78C83C592706A11B001C881A /* Debug */ = {
			isa = XCBuildConfiguration;
			buildSettings = {
				CODE_SIGN_STYLE = Automatic;
				DEVELOPMENT_TEAM = QL8LXH8W2V;
				PRODUCT_NAME = "$(TARGET_NAME)";
			};
			name = Debug;
		};
		78C83C5A2706A11B001C881A /* Release */ = {
			isa = XCBuildConfiguration;
			buildSettings = {
				CODE_SIGN_STYLE = Automatic;
				DEVELOPMENT_TEAM = QL8LXH8W2V;
				PRODUCT_NAME = "$(TARGET_NAME)";
			};
			name = Release;
		};
/* End XCBuildConfiguration section */

/* Begin XCConfigurationList section */
		7897F0EB270450AD003D42BE /* Build configuration list for PBXProject "AllTest_InnerFramework" */ = {
			isa = XCConfigurationList;
			buildConfigurations = (
				7897F0F7270450AD003D42BE /* Debug */,
				7897F0F8270450AD003D42BE /* Release */,
			);
			defaultConfigurationIsVisible = 0;
			defaultConfigurationName = Release;
		};
		7897F0F9270450AD003D42BE /* Build configuration list for PBXNativeTarget "AllTest_InnerFramework" */ = {
			isa = XCConfigurationList;
			buildConfigurations = (
				7897F0FA270450AD003D42BE /* Debug */,
				7897F0FB270450AD003D42BE /* Release */,
			);
			defaultConfigurationIsVisible = 0;
			defaultConfigurationName = Release;
		};
		78C83C532706A067001C881A /* Build configuration list for PBXAggregateTarget "TestUnivesal_fat" */ = {
			isa = XCConfigurationList;
			buildConfigurations = (
				78C83C542706A067001C881A /* Debug */,
				78C83C552706A067001C881A /* Release */,
			);
			defaultConfigurationIsVisible = 0;
			defaultConfigurationName = Release;
		};
		78C83C582706A11B001C881A /* Build configuration list for PBXAggregateTarget "TestUniversal_xc" */ = {
			isa = XCConfigurationList;
			buildConfigurations = (
				78C83C592706A11B001C881A /* Debug */,
				78C83C5A2706A11B001C881A /* Release */,
			);
			defaultConfigurationIsVisible = 0;
			defaultConfigurationName = Release;
		};
/* End XCConfigurationList section */
	};
	rootObject = 7897F0E8270450AD003D42BE /* Project object */;
}
